
Microsoft Visual Studio Solution File, Format Version 12.00
# Visual Studio Version 17
VisualStudioVersion = 17.10.35013.160
MinimumVisualStudioVersion = 10.0.40219.1
Project("{FAE04EC0-301F-11D3-BF4B-00C04F79EFBC}") = "My_Mane", "My_Mane\My_Mane.csproj", "{75C67B5F-3886-4997-BEF4-4B21BA7C43CE}"
EndProject
Global
	GlobalSection(SolutionConfigurationPlatforms) = preSolution
		Debug|Any CPU = Debug|Any CPU
		Release|Any CPU = Release|Any CPU
	EndGlobalSection
	GlobalSection(ProjectConfigurationPlatforms) = postSolution
		{75C67B5F-3886-4997-BEF4-4B21BA7C43CE}.Debug|Any CPU.ActiveCfg = Debug|Any CPU
		{75C67B5F-3886-4997-BEF4-4B21BA7C43CE}.Debug|Any CPU.Build.0 = Debug|Any CPU
		{75C67B5F-3886-4997-BEF4-4B21BA7C43CE}.Release|Any CPU.ActiveCfg = Release|Any CPU
		{75C67B5F-3886-4997-BEF4-4B21BA7C43CE}.Release|Any CPU.Build.0 = Release|Any CPU
	EndGlobalSection
	GlobalSection(SolutionProperties) = preSolution
		HideSolutionNode = FALSE
	EndGlobalSection
	GlobalSection(ExtensibilityGlobals) = postSolution
		SolutionGuid = {77E85DDE-47BE-4D7D-89C0-0D64B26B5074}
	EndGlobalSection
EndGlobal
